{
    "requires": true,
    "lockfileVersion": 1,
    "dependencies": {
        "trumbowyg": {
            "version": "2.13.0",
            "resolved": "https://registry.npmjs.org/trumbowyg/-/trumbowyg-2.13.0.tgz",
            "integrity": "sha512-KeA7kj8T2SJMDHCgy8TpDRvyNMmjtTk72aBTQ26YaHW5UXYnCyagtzsZHL9clU2+HxUd/EKln9vM8deKJDraMQ=="
        }
    }
}
